// !$*UTF8*$!
{
	archiveVersion = 1;
	classes = {
	};
	objectVersion = 56;
	objects = {

/* Begin PBXBuildFile section */
		BE33E3CA2C3526B9009EDAA4 /* DocuBotViewModel in Frameworks */ = {isa = PBXBuildFile; productRef = BE33E3C92C3526B9009EDAA4 /* DocuBotViewModel */; };
		BE45187E2C35244600F9E9E5 /* DocuBotApp.swift in Sources */ = {isa = PBXBuildFile; fileRef = BE45187D2C35244600F9E9E5 /* DocuBotApp.swift */; };
		BE4518822C35244700F9E9E5 /* Assets.xcassets in Resources */ = {isa = PBXBuildFile; fileRef = BE4518812C35244700F9E9E5 /* Assets.xcassets */; };
		BE4518852C35244700F9E9E5 /* Preview Assets.xcassets in Resources */ = {isa = PBXBuildFile; fileRef = BE4518842C35244700F9E9E5 /* Preview Assets.xcassets */; };
		BE81DB142C8ECA98009DDD60 /* llama-2-7b-chat.Q5_K_S.gguf in Resources */ = {isa = PBXBuildFile; fileRef = BE81DB132C8ECA98009DDD60 /* llama-2-7b-chat.Q5_K_S.gguf */; };
		BEB095C42C35780C00429AFD /* DocuBotModel in Frameworks */ = {isa = PBXBuildFile; productRef = BEB095C32C35780C00429AFD /* DocuBotModel */; };
		BEB095C62C35780C00429AFD /* DocuBotService in Frameworks */ = {isa = PBXBuildFile; productRef = BEB095C52C35780C00429AFD /* DocuBotService */; };
		BEB095C82C35780C00429AFD /* DocuBotToolbox in Frameworks */ = {isa = PBXBuildFile; productRef = BEB095C72C35780C00429AFD /* DocuBotToolbox */; };
		BEB095CA2C35780C00429AFD /* DocuBotUI in Frameworks */ = {isa = PBXBuildFile; productRef = BEB095C92C35780C00429AFD /* DocuBotUI */; };
		BEB095ED2C36604B00429AFD /* SettingsApp.swift in Sources */ = {isa = PBXBuildFile; fileRef = BEB095EC2C36604B00429AFD /* SettingsApp.swift */; };
		BEB095EF2C36604B00429AFD /* FlagView.swift in Sources */ = {isa = PBXBuildFile; fileRef = BEB095EE2C36604B00429AFD /* FlagView.swift */; };
		BEB095F12C36604C00429AFD /* Assets.xcassets in Resources */ = {isa = PBXBuildFile; fileRef = BEB095F02C36604C00429AFD /* Assets.xcassets */; };
		BEB095F42C36604C00429AFD /* Preview Assets.xcassets in Resources */ = {isa = PBXBuildFile; fileRef = BEB095F32C36604C00429AFD /* Preview Assets.xcassets */; };
		BEB095FA2C366CE200429AFD /* DocuBotService in Frameworks */ = {isa = PBXBuildFile; productRef = BEB095F92C366CE200429AFD /* DocuBotService */; };
		BEB095FD2C366D3200429AFD /* Vexil in Frameworks */ = {isa = PBXBuildFile; productRef = BEB095FC2C366D3200429AFD /* Vexil */; };
		BEB095FF2C366D3200429AFD /* Vexillographer in Frameworks */ = {isa = PBXBuildFile; productRef = BEB095FE2C366D3200429AFD /* Vexillographer */; };
		BEB096012C36726300429AFD /* AppDelegate.swift in Sources */ = {isa = PBXBuildFile; fileRef = BEB096002C36726300429AFD /* AppDelegate.swift */; };
/* End PBXBuildFile section */

/* Begin PBXFileReference section */
		BE45187A2C35244600F9E9E5 /* DocuBot.app */ = {isa = PBXFileReference; explicitFileType = wrapper.application; includeInIndex = 0; path = DocuBot.app; sourceTree = BUILT_PRODUCTS_DIR; };
		BE45187D2C35244600F9E9E5 /* DocuBotApp.swift */ = {isa = PBXFileReference; lastKnownFileType = sourcecode.swift; path = DocuBotApp.swift; sourceTree = "<group>"; };
		BE4518812C35244700F9E9E5 /* Assets.xcassets */ = {isa = PBXFileReference; lastKnownFileType = folder.assetcatalog; path = Assets.xcassets; sourceTree = "<group>"; };
		BE4518842C35244700F9E9E5 /* Preview Assets.xcassets */ = {isa = PBXFileReference; lastKnownFileType = folder.assetcatalog; path = "Preview Assets.xcassets"; sourceTree = "<group>"; };
		BE4518862C35244700F9E9E5 /* DocuBot.entitlements */ = {isa = PBXFileReference; lastKnownFileType = text.plist.entitlements; path = DocuBot.entitlements; sourceTree = "<group>"; };
		BE81DB132C8ECA98009DDD60 /* llama-2-7b-chat.Q5_K_S.gguf */ = {isa = PBXFileReference; lastKnownFileType = file; path = "llama-2-7b-chat.Q5_K_S.gguf"; sourceTree = "<group>"; };
		BEB095EA2C36604B00429AFD /* Settings.app */ = {isa = PBXFileReference; explicitFileType = wrapper.application; includeInIndex = 0; path = Settings.app; sourceTree = BUILT_PRODUCTS_DIR; };
		BEB095EC2C36604B00429AFD /* SettingsApp.swift */ = {isa = PBXFileReference; lastKnownFileType = sourcecode.swift; path = SettingsApp.swift; sourceTree = "<group>"; };
		BEB095EE2C36604B00429AFD /* FlagView.swift */ = {isa = PBXFileReference; lastKnownFileType = sourcecode.swift; path = FlagView.swift; sourceTree = "<group>"; };
		BEB095F02C36604C00429AFD /* Assets.xcassets */ = {isa = PBXFileReference; lastKnownFileType = folder.assetcatalog; path = Assets.xcassets; sourceTree = "<group>"; };
		BEB095F32C36604C00429AFD /* Preview Assets.xcassets */ = {isa = PBXFileReference; lastKnownFileType = folder.assetcatalog; path = "Preview Assets.xcassets"; sourceTree = "<group>"; };
		BEB095F52C36604C00429AFD /* Settings.entitlements */ = {isa = PBXFileReference; lastKnownFileType = text.plist.entitlements; path = Settings.entitlements; sourceTree = "<group>"; };
		BEB096002C36726300429AFD /* AppDelegate.swift */ = {isa = PBXFileReference; lastKnownFileType = sourcecode.swift; path = AppDelegate.swift; sourceTree = "<group>"; };
/* End PBXFileReference section */

/* Begin PBXFrameworksBuildPhase section */
		BE4518772C35244600F9E9E5 /* Frameworks */ = {
			isa = PBXFrameworksBuildPhase;
			buildActionMask = 2147483647;
			files = (
				BEB095CA2C35780C00429AFD /* DocuBotUI in Frameworks */,
				BEB095C62C35780C00429AFD /* DocuBotService in Frameworks */,
				BEB095C82C35780C00429AFD /* DocuBotToolbox in Frameworks */,
				BEB095FD2C366D3200429AFD /* Vexil in Frameworks */,
				BE33E3CA2C3526B9009EDAA4 /* DocuBotViewModel in Frameworks */,
				BEB095C42C35780C00429AFD /* DocuBotModel in Frameworks */,
			);
			runOnlyForDeploymentPostprocessing = 0;
		};
		BEB095E72C36604B00429AFD /* Frameworks */ = {
			isa = PBXFrameworksBuildPhase;
			buildActionMask = 2147483647;
			files = (
				BEB095FF2C366D3200429AFD /* Vexillographer in Frameworks */,
				BEB095FA2C366CE200429AFD /* DocuBotService in Frameworks */,
			);
			runOnlyForDeploymentPostprocessing = 0;
		};
/* End PBXFrameworksBuildPhase section */

/* Begin PBXGroup section */
		BE4518712C35244600F9E9E5 = {
			isa = PBXGroup;
			children = (
				BE45187C2C35244600F9E9E5 /* Application */,
				BEB095EB2C36604B00429AFD /* Settings */,
				BE45187B2C35244600F9E9E5 /* Products */,
				BEB095C22C35780C00429AFD /* Frameworks */,
			);
			sourceTree = "<group>";
		};
		BE45187B2C35244600F9E9E5 /* Products */ = {
			isa = PBXGroup;
			children = (
				BE45187A2C35244600F9E9E5 /* DocuBot.app */,
				BEB095EA2C36604B00429AFD /* Settings.app */,
			);
			name = Products;
			sourceTree = "<group>";
		};
		BE45187C2C35244600F9E9E5 /* Application */ = {
			isa = PBXGroup;
			children = (
				BE667F562CB38BC70053C9ED /* Resources */,
				BE4518812C35244700F9E9E5 /* Assets.xcassets */,
				BE45187D2C35244600F9E9E5 /* DocuBotApp.swift */,
				BEB096002C36726300429AFD /* AppDelegate.swift */,
				BE4518862C35244700F9E9E5 /* DocuBot.entitlements */,
				BE4518832C35244700F9E9E5 /* Preview Content */,
			);
			path = Application;
			sourceTree = "<group>";
		};
		BE4518832C35244700F9E9E5 /* Preview Content */ = {
			isa = PBXGroup;
			children = (
				BE4518842C35244700F9E9E5 /* Preview Assets.xcassets */,
			);
			path = "Preview Content";
			sourceTree = "<group>";
		};
		BE667F562CB38BC70053C9ED /* Resources */ = {
			isa = PBXGroup;
			children = (
				BE81DB132C8ECA98009DDD60 /* llama-2-7b-chat.Q5_K_S.gguf */,
			);
			path = Resources;
			sourceTree = "<group>";
		};
		BEB095C22C35780C00429AFD /* Frameworks */ = {
			isa = PBXGroup;
			children = (
			);
			name = Frameworks;
			sourceTree = "<group>";
		};
		BEB095EB2C36604B00429AFD /* Settings */ = {
			isa = PBXGroup;
			children = (
				BEB095EC2C36604B00429AFD /* SettingsApp.swift */,
				BEB095EE2C36604B00429AFD /* FlagView.swift */,
				BEB095F02C36604C00429AFD /* Assets.xcassets */,
				BEB095F52C36604C00429AFD /* Settings.entitlements */,
				BEB095F22C36604C00429AFD /* Preview Content */,
			);
			path = Settings;
			sourceTree = "<group>";
		};
		BEB095F22C36604C00429AFD /* Preview Content */ = {
			isa = PBXGroup;
			children = (
				BEB095F32C36604C00429AFD /* Preview Assets.xcassets */,
			);
			path = "Preview Content";
			sourceTree = "<group>";
		};
/* End PBXGroup section */

/* Begin PBXNativeTarget section */
		BE4518792C35244600F9E9E5 /* DocuBotApplication */ = {
			isa = PBXNativeTarget;
			buildConfigurationList = BE4518892C35244700F9E9E5 /* Build configuration list for PBXNativeTarget "DocuBotApplication" */;
			buildPhases = (
				BE4518762C35244600F9E9E5 /* Sources */,
				BE4518772C35244600F9E9E5 /* Frameworks */,
				BE4518782C35244600F9E9E5 /* Resources */,
				BE379EDF2CB92B9C00AA132C /* Run SwiftLint Script */,
			);
			buildRules = (
			);
			dependencies = (
			);
			name = DocuBotApplication;
			packageProductDependencies = (
				BE33E3C92C3526B9009EDAA4 /* DocuBotViewModel */,
				BEB095C32C35780C00429AFD /* DocuBotModel */,
				BEB095C52C35780C00429AFD /* DocuBotService */,
				BEB095C72C35780C00429AFD /* DocuBotToolbox */,
				BEB095C92C35780C00429AFD /* DocuBotUI */,
				BEB095FC2C366D3200429AFD /* Vexil */,
			);
			productName = DocuBot;
			productReference = BE45187A2C35244600F9E9E5 /* DocuBot.app */;
			productType = "com.apple.product-type.application";
		};
		BEB095E92C36604B00429AFD /* Settings */ = {
			isa = PBXNativeTarget;
			buildConfigurationList = BEB095F62C36604C00429AFD /* Build configuration list for PBXNativeTarget "Settings" */;
			buildPhases = (
				BEB095E62C36604B00429AFD /* Sources */,
				BEB095E72C36604B00429AFD /* Frameworks */,
				BEB095E82C36604B00429AFD /* Resources */,
			);
			buildRules = (
			);
			dependencies = (
			);
			name = Settings;
			packageProductDependencies = (
				BEB095F92C366CE200429AFD /* DocuBotService */,
				BEB095FE2C366D3200429AFD /* Vexillographer */,
			);
			productName = Settings;
			productReference = BEB095EA2C36604B00429AFD /* Settings.app */;
			productType = "com.apple.product-type.application";
		};
/* End PBXNativeTarget section */

/* Begin PBXProject section */
		BE4518722C35244600F9E9E5 /* Project object */ = {
			isa = PBXProject;
			attributes = {
				BuildIndependentTargetsInParallel = 1;
				LastSwiftUpdateCheck = 1540;
				LastUpgradeCheck = 1600;
				TargetAttributes = {
					BE4518792C35244600F9E9E5 = {
						CreatedOnToolsVersion = 15.4;
					};
					BEB095E92C36604B00429AFD = {
						CreatedOnToolsVersion = 15.4;
					};
				};
			};
			buildConfigurationList = BE4518752C35244600F9E9E5 /* Build configuration list for PBXProject "DocuBotApplication" */;
			compatibilityVersion = "Xcode 14.0";
			developmentRegion = en;
			hasScannedForEncodings = 0;
			knownRegions = (
				en,
				Base,
			);
			mainGroup = BE4518712C35244600F9E9E5;
			packageReferences = (
				BEB095FB2C366D3200429AFD /* XCRemoteSwiftPackageReference "Vexil" */,
			);
			productRefGroup = BE45187B2C35244600F9E9E5 /* Products */;
			projectDirPath = "";
			projectRoot = "";
			targets = (
				BE4518792C35244600F9E9E5 /* DocuBotApplication */,
				BEB095E92C36604B00429AFD /* Settings */,
			);
		};
/* End PBXProject section */

/* Begin PBXResourcesBuildPhase section */
		BE4518782C35244600F9E9E5 /* Resources */ = {
			isa = PBXResourcesBuildPhase;
			buildActionMask = 2147483647;
			files = (
				BE4518852C35244700F9E9E5 /* Preview Assets.xcassets in Resources */,
				BE4518822C35244700F9E9E5 /* Assets.xcassets in Resources */,
				BE81DB142C8ECA98009DDD60 /* llama-2-7b-chat.Q5_K_S.gguf in Resources */,
			);
			runOnlyForDeploymentPostprocessing = 0;
		};
		BEB095E82C36604B00429AFD /* Resources */ = {
			isa = PBXResourcesBuildPhase;
			buildActionMask = 2147483647;
			files = (
				BEB095F42C36604C00429AFD /* Preview Assets.xcassets in Resources */,
				BEB095F12C36604C00429AFD /* Assets.xcassets in Resources */,
			);
			runOnlyForDeploymentPostprocessing = 0;
		};
/* End PBXResourcesBuildPhase section */

/* Begin PBXShellScriptBuildPhase section */
		BE379EDF2CB92B9C00AA132C /* Run SwiftLint Script */ = {
			isa = PBXShellScriptBuildPhase;
			alwaysOutOfDate = 1;
			buildActionMask = 2147483647;
			files = (
			);
			inputFileListPaths = (
			);
			inputPaths = (
			);
			name = "Run SwiftLint Script";
			outputFileListPaths = (
			);
			outputPaths = (
			);
			runOnlyForDeploymentPostprocessing = 0;
			shellPath = /bin/sh;
			shellScript = "export PATH=\"$PATH:/opt/homebrew/bin\"\n\nif which swiftlint >/dev/null; then\n  swiftlint\nelse\n  echo \"warning: SwiftLint not installed, download from https://github.com/realm/SwiftLint\"\nfi\n";
		};
/* End PBXShellScriptBuildPhase section */

/* Begin PBXSourcesBuildPhase section */
		BE4518762C35244600F9E9E5 /* Sources */ = {
			isa = PBXSourcesBuildPhase;
			buildActionMask = 2147483647;
			files = (
				BEB096012C36726300429AFD /* AppDelegate.swift in Sources */,
				BE45187E2C35244600F9E9E5 /* DocuBotApp.swift in Sources */,
			);
			runOnlyForDeploymentPostprocessing = 0;
		};
		BEB095E62C36604B00429AFD /* Sources */ = {
			isa = PBXSourcesBuildPhase;
			buildActionMask = 2147483647;
			files = (
				BEB095EF2C36604B00429AFD /* FlagView.swift in Sources */,
				BEB095ED2C36604B00429AFD /* SettingsApp.swift in Sources */,
			);
			runOnlyForDeploymentPostprocessing = 0;
		};
/* End PBXSourcesBuildPhase section */

/* Begin XCBuildConfiguration section */
		BE4518872C35244700F9E9E5 /* Debug */ = {
			isa = XCBuildConfiguration;
			buildSettings = {
				ALWAYS_SEARCH_USER_PATHS = NO;
				ASSETCATALOG_COMPILER_GENERATE_SWIFT_ASSET_SYMBOL_EXTENSIONS = YES;
				CLANG_ANALYZER_NONNULL = YES;
				CLANG_ANALYZER_NUMBER_OBJECT_CONVERSION = YES_AGGRESSIVE;
				CLANG_CXX_LANGUAGE_STANDARD = "gnu++20";
				CLANG_ENABLE_MODULES = YES;
				CLANG_ENABLE_OBJC_ARC = YES;
				CLANG_ENABLE_OBJC_WEAK = YES;
				CLANG_WARN_BLOCK_CAPTURE_AUTORELEASING = YES;
				CLANG_WARN_BOOL_CONVERSION = YES;
				CLANG_WARN_COMMA = YES;
				CLANG_WARN_CONSTANT_CONVERSION = YES;
				CLANG_WARN_DEPRECATED_OBJC_IMPLEMENTATIONS = YES;
				CLANG_WARN_DIRECT_OBJC_ISA_USAGE = YES_ERROR;
				CLANG_WARN_DOCUMENTATION_COMMENTS = YES;
				CLANG_WARN_EMPTY_BODY = YES;
				CLANG_WARN_ENUM_CONVERSION = YES;
				CLANG_WARN_INFINITE_RECURSION = YES;
				CLANG_WARN_INT_CONVERSION = YES;
				CLANG_WARN_NON_LITERAL_NULL_CONVERSION = YES;
				CLANG_WARN_OBJC_IMPLICIT_RETAIN_SELF = YES;
				CLANG_WARN_OBJC_LITERAL_CONVERSION = YES;
				CLANG_WARN_OBJC_ROOT_CLASS = YES_ERROR;
				CLANG_WARN_QUOTED_INCLUDE_IN_FRAMEWORK_HEADER = YES;
				CLANG_WARN_RANGE_LOOP_ANALYSIS = YES;
				CLANG_WARN_STRICT_PROTOTYPES = YES;
				CLANG_WARN_SUSPICIOUS_MOVE = YES;
				CLANG_WARN_UNGUARDED_AVAILABILITY = YES_AGGRESSIVE;
				CLANG_WARN_UNREACHABLE_CODE = YES;
				CLANG_WARN__DUPLICATE_METHOD_MATCH = YES;
				COPY_PHASE_STRIP = NO;
				DEAD_CODE_STRIPPING = YES;
				DEBUG_INFORMATION_FORMAT = dwarf;
				ENABLE_STRICT_OBJC_MSGSEND = YES;
				ENABLE_TESTABILITY = YES;
				ENABLE_USER_SCRIPT_SANDBOXING = YES;
				GCC_C_LANGUAGE_STANDARD = gnu17;
				GCC_DYNAMIC_NO_PIC = NO;
				GCC_NO_COMMON_BLOCKS = YES;
				GCC_OPTIMIZATION_LEVEL = 0;
				GCC_PREPROCESSOR_DEFINITIONS = (
					"DEBUG=1",
					"$(inherited)",
				);
				GCC_WARN_64_TO_32_BIT_CONVERSION = YES;
				GCC_WARN_ABOUT_RETURN_TYPE = YES_ERROR;
				GCC_WARN_UNDECLARED_SELECTOR = YES;
				GCC_WARN_UNINITIALIZED_AUTOS = YES_AGGRESSIVE;
				GCC_WARN_UNUSED_FUNCTION = YES;
				GCC_WARN_UNUSED_VARIABLE = YES;
				LOCALIZATION_PREFERS_STRING_CATALOGS = YES;
				MACOSX_DEPLOYMENT_TARGET = 14.5;
				MTL_ENABLE_DEBUG_INFO = INCLUDE_SOURCE;
				MTL_FAST_MATH = YES;
				ONLY_ACTIVE_ARCH = YES;
				SDKROOT = macosx;
				SWIFT_ACTIVE_COMPILATION_CONDITIONS = "DEBUG $(inherited)";
				SWIFT_OPTIMIZATION_LEVEL = "-Onone";
			};
			name = Debug;
		};
		BE4518882C35244700F9E9E5 /* Release */ = {
			isa = XCBuildConfiguration;
			buildSettings = {
				ALWAYS_SEARCH_USER_PATHS = NO;
				ASSETCATALOG_COMPILER_GENERATE_SWIFT_ASSET_SYMBOL_EXTENSIONS = YES;
				CLANG_ANALYZER_NONNULL = YES;
				CLANG_ANALYZER_NUMBER_OBJECT_CONVERSION = YES_AGGRESSIVE;
				CLANG_CXX_LANGUAGE_STANDARD = "gnu++20";
				CLANG_ENABLE_MODULES = YES;
				CLANG_ENABLE_OBJC_ARC = YES;
				CLANG_ENABLE_OBJC_WEAK = YES;
				CLANG_WARN_BLOCK_CAPTURE_AUTORELEASING = YES;
				CLANG_WARN_BOOL_CONVERSION = YES;
				CLANG_WARN_COMMA = YES;
				CLANG_WARN_CONSTANT_CONVERSION = YES;
				CLANG_WARN_DEPRECATED_OBJC_IMPLEMENTATIONS = YES;
				CLANG_WARN_DIRECT_OBJC_ISA_USAGE = YES_ERROR;
				CLANG_WARN_DOCUMENTATION_COMMENTS = YES;
				CLANG_WARN_EMPTY_BODY = YES;
				CLANG_WARN_ENUM_CONVERSION = YES;
				CLANG_WARN_INFINITE_RECURSION = YES;
				CLANG_WARN_INT_CONVERSION = YES;
				CLANG_WARN_NON_LITERAL_NULL_CONVERSION = YES;
				CLANG_WARN_OBJC_IMPLICIT_RETAIN_SELF = YES;
				CLANG_WARN_OBJC_LITERAL_CONVERSION = YES;
				CLANG_WARN_OBJC_ROOT_CLASS = YES_ERROR;
				CLANG_WARN_QUOTED_INCLUDE_IN_FRAMEWORK_HEADER = YES;
				CLANG_WARN_RANGE_LOOP_ANALYSIS = YES;
				CLANG_WARN_STRICT_PROTOTYPES = YES;
				CLANG_WARN_SUSPICIOUS_MOVE = YES;
				CLANG_WARN_UNGUARDED_AVAILABILITY = YES_AGGRESSIVE;
				CLANG_WARN_UNREACHABLE_CODE = YES;
				CLANG_WARN__DUPLICATE_METHOD_MATCH = YES;
				COPY_PHASE_STRIP = NO;
				DEAD_CODE_STRIPPING = YES;
				DEBUG_INFORMATION_FORMAT = "dwarf-with-dsym";
				ENABLE_NS_ASSERTIONS = NO;
				ENABLE_STRICT_OBJC_MSGSEND = YES;
				ENABLE_USER_SCRIPT_SANDBOXING = YES;
				GCC_C_LANGUAGE_STANDARD = gnu17;
				GCC_NO_COMMON_BLOCKS = YES;
				GCC_WARN_64_TO_32_BIT_CONVERSION = YES;
				GCC_WARN_ABOUT_RETURN_TYPE = YES_ERROR;
				GCC_WARN_UNDECLARED_SELECTOR = YES;
				GCC_WARN_UNINITIALIZED_AUTOS = YES_AGGRESSIVE;
				GCC_WARN_UNUSED_FUNCTION = YES;
				GCC_WARN_UNUSED_VARIABLE = YES;
				LOCALIZATION_PREFERS_STRING_CATALOGS = YES;
				MACOSX_DEPLOYMENT_TARGET = 14.5;
				MTL_ENABLE_DEBUG_INFO = NO;
				MTL_FAST_MATH = YES;
				SDKROOT = macosx;
				SWIFT_COMPILATION_MODE = wholemodule;
			};
			name = Release;
		};
		BE45188A2C35244700F9E9E5 /* Debug */ = {
			isa = XCBuildConfiguration;
			buildSettings = {
				ASSETCATALOG_COMPILER_APPICON_NAME = AppIcon;
				ASSETCATALOG_COMPILER_GLOBAL_ACCENT_COLOR_NAME = AccentColor;
				CODE_SIGN_ENTITLEMENTS = Application/DocuBot.entitlements;
				"CODE_SIGN_IDENTITY[sdk=macosx*]" = "Mac Developer";
				CODE_SIGN_STYLE = Manual;
				COMBINE_HIDPI_IMAGES = YES;
				CURRENT_PROJECT_VERSION = 1;
				DEAD_CODE_STRIPPING = YES;
				DEVELOPMENT_ASSET_PATHS = "\"Application/Preview Content\"";
				DEVELOPMENT_TEAM = "";
				"DEVELOPMENT_TEAM[sdk=macosx*]" = 4ELTP9RFTJ;
				ENABLE_HARDENED_RUNTIME = YES;
				ENABLE_PREVIEWS = YES;
				ENABLE_USER_SCRIPT_SANDBOXING = NO;
				GENERATE_INFOPLIST_FILE = YES;
				INFOPLIST_KEY_NSHumanReadableCopyright = "";
				LD_RUNPATH_SEARCH_PATHS = (
					"$(inherited)",
					"@executable_path/../Frameworks",
				);
				MACOSX_DEPLOYMENT_TARGET = 15.0;
				MARKETING_VERSION = 1.0;
				PRODUCT_BUNDLE_IDENTIFIER = com.williamlumley.docubot;
				PRODUCT_NAME = DocuBot;
				PROVISIONING_PROFILE_SPECIFIER = "";
				"PROVISIONING_PROFILE_SPECIFIER[sdk=macosx*]" = "DocuBot - Development";
				SWIFT_EMIT_LOC_STRINGS = YES;
				SWIFT_VERSION = 6.0;
			};
			name = Debug;
		};
		BE45188B2C35244700F9E9E5 /* Release */ = {
			isa = XCBuildConfiguration;
			buildSettings = {
				ASSETCATALOG_COMPILER_APPICON_NAME = AppIcon;
				ASSETCATALOG_COMPILER_GLOBAL_ACCENT_COLOR_NAME = AccentColor;
				CODE_SIGN_ENTITLEMENTS = Application/DocuBot.entitlements;
				"CODE_SIGN_IDENTITY[sdk=macosx*]" = "Mac Developer";
				CODE_SIGN_STYLE = Manual;
				COMBINE_HIDPI_IMAGES = YES;
				CURRENT_PROJECT_VERSION = 1;
				DEAD_CODE_STRIPPING = YES;
				DEVELOPMENT_ASSET_PATHS = "\"Application/Preview Content\"";
				DEVELOPMENT_TEAM = "";
				"DEVELOPMENT_TEAM[sdk=macosx*]" = 4ELTP9RFTJ;
				ENABLE_HARDENED_RUNTIME = YES;
				ENABLE_PREVIEWS = YES;
				ENABLE_USER_SCRIPT_SANDBOXING = NO;
				GENERATE_INFOPLIST_FILE = YES;
				INFOPLIST_KEY_NSHumanReadableCopyright = "";
				LD_RUNPATH_SEARCH_PATHS = (
					"$(inherited)",
					"@executable_path/../Frameworks",
				);
				MACOSX_DEPLOYMENT_TARGET = 15.0;
				MARKETING_VERSION = 1.0;
				PRODUCT_BUNDLE_IDENTIFIER = com.williamlumley.docubot;
				PRODUCT_NAME = DocuBot;
				PROVISIONING_PROFILE_SPECIFIER = "";
				"PROVISIONING_PROFILE_SPECIFIER[sdk=macosx*]" = "DocuBot - Development";
				SWIFT_EMIT_LOC_STRINGS = YES;
				SWIFT_VERSION = 6.0;
			};
			name = Release;
		};
		BEB095F72C36604C00429AFD /* Debug */ = {
			isa = XCBuildConfiguration;
			buildSettings = {
				ASSETCATALOG_COMPILER_APPICON_NAME = AppIcon;
				ASSETCATALOG_COMPILER_GLOBAL_ACCENT_COLOR_NAME = AccentColor;
				CODE_SIGN_ENTITLEMENTS = Settings/Settings.entitlements;
				CODE_SIGN_STYLE = Manual;
				COMBINE_HIDPI_IMAGES = YES;
				CURRENT_PROJECT_VERSION = 1;
				DEAD_CODE_STRIPPING = YES;
				DEVELOPMENT_ASSET_PATHS = "\"Settings/Preview Content\"";
				DEVELOPMENT_TEAM = 4ELTP9RFTJ;
				ENABLE_HARDENED_RUNTIME = YES;
				ENABLE_PREVIEWS = YES;
				GENERATE_INFOPLIST_FILE = YES;
				INFOPLIST_KEY_NSHumanReadableCopyright = "";
				LD_RUNPATH_SEARCH_PATHS = (
					"$(inherited)",
					"@executable_path/../Frameworks",
				);
				MARKETING_VERSION = 1.0;
				PRODUCT_BUNDLE_IDENTIFIER = com.williamlumley.docubot.settings;
				PRODUCT_NAME = "$(TARGET_NAME)";
				PROVISIONING_PROFILE_SPECIFIER = "DocuBot Settings - Development";
				"PROVISIONING_PROFILE_SPECIFIER[sdk=*]" = "DocuBot Settings - Development";
				SWIFT_EMIT_LOC_STRINGS = YES;
				SWIFT_VERSION = 5.0;
			};
			name = Debug;
		};
		BEB095F82C36604C00429AFD /* Release */ = {
			isa = XCBuildConfiguration;
			buildSettings = {
				ASSETCATALOG_COMPILER_APPICON_NAME = AppIcon;
				ASSETCATALOG_COMPILER_GLOBAL_ACCENT_COLOR_NAME = AccentColor;
				CODE_SIGN_ENTITLEMENTS = Settings/Settings.entitlements;
				CODE_SIGN_STYLE = Manual;
				COMBINE_HIDPI_IMAGES = YES;
				CURRENT_PROJECT_VERSION = 1;
				DEAD_CODE_STRIPPING = YES;
				DEVELOPMENT_ASSET_PATHS = "\"Settings/Preview Content\"";
				DEVELOPMENT_TEAM = 4ELTP9RFTJ;
				ENABLE_HARDENED_RUNTIME = YES;
				ENABLE_PREVIEWS = YES;
				GENERATE_INFOPLIST_FILE = YES;
				INFOPLIST_KEY_NSHumanReadableCopyright = "";
				LD_RUNPATH_SEARCH_PATHS = (
					"$(inherited)",
					"@executable_path/../Frameworks",
				);
				MARKETING_VERSION = 1.0;
				PRODUCT_BUNDLE_IDENTIFIER = com.williamlumley.docubot.settings;
				PRODUCT_NAME = "$(TARGET_NAME)";
				PROVISIONING_PROFILE_SPECIFIER = "DocuBot Settings - Development";
				SWIFT_EMIT_LOC_STRINGS = YES;
				SWIFT_VERSION = 5.0;
			};
			name = Release;
		};
/* End XCBuildConfiguration section */

/* Begin XCConfigurationList section */
		BE4518752C35244600F9E9E5 /* Build configuration list for PBXProject "DocuBotApplication" */ = {
			isa = XCConfigurationList;
			buildConfigurations = (
				BE4518872C35244700F9E9E5 /* Debug */,
				BE4518882C35244700F9E9E5 /* Release */,
			);
			defaultConfigurationIsVisible = 0;
			defaultConfigurationName = Release;
		};
		BE4518892C35244700F9E9E5 /* Build configuration list for PBXNativeTarget "DocuBotApplication" */ = {
			isa = XCConfigurationList;
			buildConfigurations = (
				BE45188A2C35244700F9E9E5 /* Debug */,
				BE45188B2C35244700F9E9E5 /* Release */,
			);
			defaultConfigurationIsVisible = 0;
			defaultConfigurationName = Release;
		};
		BEB095F62C36604C00429AFD /* Build configuration list for PBXNativeTarget "Settings" */ = {
			isa = XCConfigurationList;
			buildConfigurations = (
				BEB095F72C36604C00429AFD /* Debug */,
				BEB095F82C36604C00429AFD /* Release */,
			);
			defaultConfigurationIsVisible = 0;
			defaultConfigurationName = Release;
		};
/* End XCConfigurationList section */

/* Begin XCRemoteSwiftPackageReference section */
		BEB095FB2C366D3200429AFD /* XCRemoteSwiftPackageReference "Vexil" */ = {
			isa = XCRemoteSwiftPackageReference;
			repositoryURL = "https://github.com/unsignedapps/Vexil.git";
			requirement = {
				branch = main;
				kind = branch;
			};
		};
/* End XCRemoteSwiftPackageReference section */

/* Begin XCSwiftPackageProductDependency section */
		BE33E3C92C3526B9009EDAA4 /* DocuBotViewModel */ = {
			isa = XCSwiftPackageProductDependency;
			productName = DocuBotViewModel;
		};
		BEB095C32C35780C00429AFD /* DocuBotModel */ = {
			isa = XCSwiftPackageProductDependency;
			productName = DocuBotModel;
		};
		BEB095C52C35780C00429AFD /* DocuBotService */ = {
			isa = XCSwiftPackageProductDependency;
			productName = DocuBotService;
		};
		BEB095C72C35780C00429AFD /* DocuBotToolbox */ = {
			isa = XCSwiftPackageProductDependency;
			productName = DocuBotToolbox;
		};
		BEB095C92C35780C00429AFD /* DocuBotUI */ = {
			isa = XCSwiftPackageProductDependency;
			productName = DocuBotUI;
		};
		BEB095F92C366CE200429AFD /* DocuBotService */ = {
			isa = XCSwiftPackageProductDependency;
			productName = DocuBotService;
		};
		BEB095FC2C366D3200429AFD /* Vexil */ = {
			isa = XCSwiftPackageProductDependency;
			package = BEB095FB2C366D3200429AFD /* XCRemoteSwiftPackageReference "Vexil" */;
			productName = Vexil;
		};
		BEB095FE2C366D3200429AFD /* Vexillographer */ = {
			isa = XCSwiftPackageProductDependency;
			package = BEB095FB2C366D3200429AFD /* XCRemoteSwiftPackageReference "Vexil" */;
			productName = Vexillographer;
		};
/* End XCSwiftPackageProductDependency section */
	};
	rootObject = BE4518722C35244600F9E9E5 /* Project object */;
}
